
Microsoft Visual Studio Solution File, Format Version 12.00
# Visual Studio Version 16
VisualStudioVersion = 16.0.31321.278
MinimumVisualStudioVersion = 10.0.40219.1
Project("{9A19103F-16F7-4668-BE54-9A1E7A4F7556}") = "StrategyPattern", "StrategyPattern\StrategyPattern.csproj", "{97A8B44B-DFD4-470F-ACBC-D0921ADFBDFA}"
EndProject
Project("{9A19103F-16F7-4668-BE54-9A1E7A4F7556}") = "ObserverPattern.Old", "ObserverPattern\ObserverPattern.Old.csproj", "{07666D49-808C-4523-AC5D-64A3EC54E58A}"
EndProject
Project("{2150E333-8FDC-42A3-9474-1A3956D46DE8}") = "BehavioralPatterns", "BehavioralPatterns", "{A7BDA034-2152-409B-B816-7F7F655DEF51}"
EndProject
Project("{2150E333-8FDC-42A3-9474-1A3956D46DE8}") = "ObserverPattern", "ObserverPattern", "{139D948A-C821-4515-9A86-69E8C344A50F}"
EndProject
Project("{FAE04EC0-301F-11D3-BF4B-00C04F79EFBC}") = "ObserverPattern.New", "ObserverPattern.New\ObserverPattern.New.csproj", "{DF9EB6E6-625E-4890-B999-6B2F42695E9E}"
EndProject
Global
	GlobalSection(SolutionConfigurationPlatforms) = preSolution
		Debug|Any CPU = Debug|Any CPU
		Release|Any CPU = Release|Any CPU
	EndGlobalSection
	GlobalSection(ProjectConfigurationPlatforms) = postSolution
		{97A8B44B-DFD4-470F-ACBC-D0921ADFBDFA}.Debug|Any CPU.ActiveCfg = Debug|Any CPU
		{97A8B44B-DFD4-470F-ACBC-D0921ADFBDFA}.Debug|Any CPU.Build.0 = Debug|Any CPU
		{97A8B44B-DFD4-470F-ACBC-D0921ADFBDFA}.Release|Any CPU.ActiveCfg = Release|Any CPU
		{97A8B44B-DFD4-470F-ACBC-D0921ADFBDFA}.Release|Any CPU.Build.0 = Release|Any CPU
		{07666D49-808C-4523-AC5D-64A3EC54E58A}.Debug|Any CPU.ActiveCfg = Debug|Any CPU
		{07666D49-808C-4523-AC5D-64A3EC54E58A}.Debug|Any CPU.Build.0 = Debug|Any CPU
		{07666D49-808C-4523-AC5D-64A3EC54E58A}.Release|Any CPU.ActiveCfg = Release|Any CPU
		{07666D49-808C-4523-AC5D-64A3EC54E58A}.Release|Any CPU.Build.0 = Release|Any CPU
		{DF9EB6E6-625E-4890-B999-6B2F42695E9E}.Debug|Any CPU.ActiveCfg = Debug|Any CPU
		{DF9EB6E6-625E-4890-B999-6B2F42695E9E}.Debug|Any CPU.Build.0 = Debug|Any CPU
		{DF9EB6E6-625E-4890-B999-6B2F42695E9E}.Release|Any CPU.ActiveCfg = Release|Any CPU
		{DF9EB6E6-625E-4890-B999-6B2F42695E9E}.Release|Any CPU.Build.0 = Release|Any CPU
	EndGlobalSection
	GlobalSection(SolutionProperties) = preSolution
		HideSolutionNode = FALSE
	EndGlobalSection
	GlobalSection(NestedProjects) = preSolution
		{97A8B44B-DFD4-470F-ACBC-D0921ADFBDFA} = {A7BDA034-2152-409B-B816-7F7F655DEF51}
		{07666D49-808C-4523-AC5D-64A3EC54E58A} = {139D948A-C821-4515-9A86-69E8C344A50F}
		{139D948A-C821-4515-9A86-69E8C344A50F} = {A7BDA034-2152-409B-B816-7F7F655DEF51}
		{DF9EB6E6-625E-4890-B999-6B2F42695E9E} = {139D948A-C821-4515-9A86-69E8C344A50F}
	EndGlobalSection
	GlobalSection(ExtensibilityGlobals) = postSolution
		SolutionGuid = {47D9D90A-E3FC-4076-9D87-49FCF1217B69}
	EndGlobalSection
EndGlobal
